
Microsoft Visual Studio Solution File, Format Version 12.00
# Visual Studio Version 17
VisualStudioVersion = 17.11.35208.52
MinimumVisualStudioVersion = 10.0.40219.1
Project("{8BC9CEB8-8B4A-11D0-8D11-00A0C91BC942}") = "Driver", "Driver\Driver.vcxproj", "{4D8D0BA0-E980-47D7-BC51-44EAAFA6AF04}"
EndProject
Global
	GlobalSection(SolutionConfigurationPlatforms) = preSolution
		Debug|ARM64 = Debug|ARM64
		Debug|x64 = Debug|x64
		Release|ARM64 = Release|ARM64
		Release|x64 = Release|x64
	EndGlobalSection
	GlobalSection(ProjectConfigurationPlatforms) = postSolution
		{4D8D0BA0-E980-47D7-BC51-44EAAFA6AF04}.Debug|ARM64.ActiveCfg = Debug|ARM64
		{4D8D0BA0-E980-47D7-BC51-44EAAFA6AF04}.Debug|ARM64.Build.0 = Debug|ARM64
		{4D8D0BA0-E980-47D7-BC51-44EAAFA6AF04}.Debug|ARM64.Deploy.0 = Debug|ARM64
		{4D8D0BA0-E980-47D7-BC51-44EAAFA6AF04}.Debug|x64.ActiveCfg = Debug|x64
		{4D8D0BA0-E980-47D7-BC51-44EAAFA6AF04}.Debug|x64.Build.0 = Debug|x64
		{4D8D0BA0-E980-47D7-BC51-44EAAFA6AF04}.Debug|x64.Deploy.0 = Debug|x64
		{4D8D0BA0-E980-47D7-BC51-44EAAFA6AF04}.Release|ARM64.ActiveCfg = Release|ARM64
		{4D8D0BA0-E980-47D7-BC51-44EAAFA6AF04}.Release|ARM64.Build.0 = Release|ARM64
		{4D8D0BA0-E980-47D7-BC51-44EAAFA6AF04}.Release|ARM64.Deploy.0 = Release|ARM64
		{4D8D0BA0-E980-47D7-BC51-44EAAFA6AF04}.Release|x64.ActiveCfg = Release|x64
		{4D8D0BA0-E980-47D7-BC51-44EAAFA6AF04}.Release|x64.Build.0 = Release|x64
		{4D8D0BA0-E980-47D7-BC51-44EAAFA6AF04}.Release|x64.Deploy.0 = Release|x64
	EndGlobalSection
	GlobalSection(SolutionProperties) = preSolution
		HideSolutionNode = FALSE
	EndGlobalSection
	GlobalSection(ExtensibilityGlobals) = postSolution
		SolutionGuid = {2A26382B-92D8-4636-87E8-A1A344D0CD97}
	EndGlobalSection
EndGlobal
